
Microsoft Visual Studio Solution File, Format Version 12.00
# Visual Studio 15
VisualStudioVersion = 15.0.27130.2027
MinimumVisualStudioVersion = 10.0.40219.1
Project("{8BC9CEB8-8B4A-11D0-8D11-00A0C91BC942}") = "mivcots", "mivcots\mivcots.vcxproj", "{61DF4A44-CBEF-42EB-A1B9-71C2F662DC19}"
EndProject
Project("{8BC9CEB8-8B4A-11D0-8D11-00A0C91BC942}") = "mivcots_test", "mivcots_test\mivcots_test.vcxproj", "{8156E2FC-02C2-4F08-8DE6-97651BC40ACC}"
EndProject
Global
	GlobalSection(SolutionConfigurationPlatforms) = preSolution
		Debug|x64 = Debug|x64
		Debug|x86 = Debug|x86
		Release|x64 = Release|x64
		Release|x86 = Release|x86
	EndGlobalSection
	GlobalSection(ProjectConfigurationPlatforms) = postSolution
		{61DF4A44-CBEF-42EB-A1B9-71C2F662DC19}.Debug|x64.ActiveCfg = Debug|x64
		{61DF4A44-CBEF-42EB-A1B9-71C2F662DC19}.Debug|x64.Build.0 = Debug|x64
		{61DF4A44-CBEF-42EB-A1B9-71C2F662DC19}.Debug|x86.ActiveCfg = Debug|Win32
		{61DF4A44-CBEF-42EB-A1B9-71C2F662DC19}.Debug|x86.Build.0 = Debug|Win32
		{61DF4A44-CBEF-42EB-A1B9-71C2F662DC19}.Release|x64.ActiveCfg = Release|x64
		{61DF4A44-CBEF-42EB-A1B9-71C2F662DC19}.Release|x64.Build.0 = Release|x64
		{61DF4A44-CBEF-42EB-A1B9-71C2F662DC19}.Release|x86.ActiveCfg = Release|Win32
		{61DF4A44-CBEF-42EB-A1B9-71C2F662DC19}.Release|x86.Build.0 = Release|Win32
		{8156E2FC-02C2-4F08-8DE6-97651BC40ACC}.Debug|x64.ActiveCfg = Debug|x64
		{8156E2FC-02C2-4F08-8DE6-97651BC40ACC}.Debug|x64.Build.0 = Debug|x64
		{8156E2FC-02C2-4F08-8DE6-97651BC40ACC}.Debug|x86.ActiveCfg = Debug|Win32
		{8156E2FC-02C2-4F08-8DE6-97651BC40ACC}.Debug|x86.Build.0 = Debug|Win32
		{8156E2FC-02C2-4F08-8DE6-97651BC40ACC}.Release|x64.ActiveCfg = Release|x64
		{8156E2FC-02C2-4F08-8DE6-97651BC40ACC}.Release|x64.Build.0 = Release|x64
		{8156E2FC-02C2-4F08-8DE6-97651BC40ACC}.Release|x86.ActiveCfg = Release|Win32
		{8156E2FC-02C2-4F08-8DE6-97651BC40ACC}.Release|x86.Build.0 = Release|Win32
	EndGlobalSection
	GlobalSection(SolutionProperties) = preSolution
		HideSolutionNode = FALSE
	EndGlobalSection
	GlobalSection(ExtensibilityGlobals) = postSolution
		SolutionGuid = {5949FE67-AA53-48CA-AE77-6EBFCF646440}
	EndGlobalSection
EndGlobal
