<?xml version="1.0" encoding="utf-8"?>
<Project ToolsVersion="4.0" xmlns="http://schemas.microsoft.com/developer/msbuild/2003">
  <ItemGroup>
    <Filter Include="Source Files">
      <UniqueIdentifier>{4FC737F1-C7A5-4376-A066-2A32D752A2FF}</UniqueIdentifier>
      <Extensions>cpp;c;cc;cxx;def;odl;idl;hpj;bat;asm;asmx</Extensions>
    </Filter>
    <Filter Include="Header Files">
      <UniqueIdentifier>{93995380-89BD-4b04-88EB-625FBE52EBFB}</UniqueIdentifier>
      <Extensions>h;hh;hpp;hxx;hm;inl;inc;xsd</Extensions>
    </Filter>
    <Filter Include="Resource Files">
      <UniqueIdentifier>{67DA6AB6-F800-4c08-8B7A-83BB121AAD01}</UniqueIdentifier>
      <Extensions>rc;ico;cur;bmp;dlg;rc2;rct;bin;rgs;gif;jpg;jpeg;jpe;resx;tiff;tif;png;wav;mfcribbon-ms</Extensions>
    </Filter>
    <Filter Include="Header Files\Map">
      <UniqueIdentifier>{1b2122a2-8b80-4e0b-96b5-1cb9e845854c}</UniqueIdentifier>
    </Filter>
    <Filter Include="Source Files\Map">
      <UniqueIdentifier>{fdce33da-7d44-4492-850f-02fdfb90e8a3}</UniqueIdentifier>
    </Filter>
  </ItemGroup>
  <ItemGroup>
    <ClCompile Include="CarData\CarData.cpp">
      <Filter>Source Files</Filter>
    </ClCompile>
    <ClCompile Include="MIVCOTS\MIVCOTS.cpp">
      <Filter>Source Files</Filter>
    </ClCompile>
    <ClCompile Include="GUI\GUI.cpp">
      <Filter>Source Files</Filter>
    </ClCompile>
    <ClCompile Include="DataInterface\DataInterface.cpp">
      <Filter>Source Files</Filter>
    </ClCompile>
    <ClCompile Include="Analysis\Analysis.cpp">
      <Filter>Source Files</Filter>
    </ClCompile>
    <ClCompile Include="GUI\MapWidget\Map.cpp">
      <Filter>Source Files\Map</Filter>
    </ClCompile>
    <ClCompile Include="GUI\MapWidget\PictureWindow.cpp">
      <Filter>Source Files\Map</Filter>
    </ClCompile>
    <ClCompile Include="InterThreadComm\sharedCache.cpp">
      <Filter>Source Files</Filter>
    </ClCompile>
    <ClCompile Include="DatabaseConnector\DatabaseConnector.cpp">
      <Filter>Source Files</Filter>
    </ClCompile>
    <ClCompile Include="CarPool\CarPool.cpp">
      <Filter>Source Files</Filter>
    </ClCompile>
  </ItemGroup>
  <ItemGroup>
    <ClInclude Include="CarData\CarData.h">
      <Filter>Header Files</Filter>
    </ClInclude>
    <ClInclude Include="MIVCOTS\MIVCOTS.h">
      <Filter>Header Files</Filter>
    </ClInclude>
    <ClInclude Include="InterThreadComm\InterThreadComm.h">
      <Filter>Header Files</Filter>
    </ClInclude>
    <ClInclude Include="GUI\GUI.h">
      <Filter>Header Files</Filter>
    </ClInclude>
    <ClInclude Include="DataInterface\DataInterface.h">
      <Filter>Header Files</Filter>
    </ClInclude>
    <ClInclude Include="Analysis\Analysis.h">
      <Filter>Header Files</Filter>
    </ClInclude>
    <ClInclude Include="error_codes.h">
      <Filter>Header Files</Filter>
    </ClInclude>
    <ClInclude Include="InterThreadComm\endpoint.h">
      <Filter>Header Files</Filter>
    </ClInclude>
    <ClInclude Include="InterThreadComm\lockedQueue.h">
      <Filter>Header Files</Filter>
    </ClInclude>
    <ClInclude Include="GUI\MapWidget\Map.h">
      <Filter>Header Files\Map</Filter>
    </ClInclude>
    <ClInclude Include="GUI\MapWidget\PictureWindow.h">
      <Filter>Header Files\Map</Filter>
    </ClInclude>
    <ClInclude Include="InterThreadComm\sharedCache.h">
      <Filter>Header Files</Filter>
    </ClInclude>
    <ClInclude Include="DatabaseConnector\DatabaseConnector.h">
      <Filter>Header Files</Filter>
    </ClInclude>
    <ClInclude Include="CarPool\CarPool.h">
      <Filter>Header Files</Filter>
    </ClInclude>
  </ItemGroup>
</Project>